{
    "_readme": [
        "This file locks the dependencies of your project to a known state",
        "Read more about it at https://getcomposer.org/doc/01-basic-usage.md#composer-lock-the-lock-file",
        "This file is @generated automatically"
    ],
    "hash": "4724b0313b45ac4041c6b2a6dcbbf199",
    "content-hash": "dbc271a1e15bdffc8282378b99522f2e",
    "packages": [
        {
            "name": "dhii/psr-14",
            "version": "0.1",
            "source": {
                "type": "git",
                "url": "https://github.com/Dhii/psr-14.git",
                "reference": "ebfa94b69b34e34ffdfc7288aeea2f1a315288b5"
            },
            "dist": {
                "type": "zip",
                "url": "https://api.github.com/repos/Dhii/psr-14/zipball/ebfa94b69b34e34ffdfc7288aeea2f1a315288b5",
                "reference": "ebfa94b69b34e34ffdfc7288aeea2f1a315288b5",
                "shasum": ""
            },
            "type": "library",
            "autoload": {
                "psr-4": {
                    "Psr\\EventManager\\": "src/"
                }
            },
            "authors": [
                {
                    "name": "Miguel Muscat",
                    "email": "miguelmuscat93@gmail.com"
                },
                {
                    "name": "Anton Ukhanev",
                    "email": "xedin.unknown@gmail.com"
                }
            ],
            "description": "A temporary PSR-14 repository.",
            "support": {
                "source": "https://github.com/Dhii/psr-14/tree/0.1",
                "issues": "https://github.com/Dhii/psr-14/issues"
            },
            "time": "2016-07-06 18:43:19"
        }
    ],
    "packages-dev": [],
    "aliases": [],
    "minimum-stability": "stable",
    "stability-flags": [],
    "prefer-stable": false,
    "prefer-lowest": false,
    "platform": [],
    "platform-dev": []
}
